
Microsoft Visual Studio Solution File, Format Version 12.00
Project("{FAE04EC0-301F-11D3-BF4B-00C04F79EFBC}") = "CallService", "CallService\CallService.csproj", "{E137F986-6C7C-47F6-B140-49B0C0EA3D9D}"
EndProject
Project("{FAE04EC0-301F-11D3-BF4B-00C04F79EFBC}") = "SipService", "SipService\SipService.csproj", "{5C79CCC3-EE18-4CC9-882C-8EAAF2868BB8}"
EndProject
Project("{FAE04EC0-301F-11D3-BF4B-00C04F79EFBC}") = "ClientApp", "ClientApp\ClientApp.csproj", "{60BCBD43-863F-4D03-A00B-6DFB74E03549}"
EndProject
Project("{FAE04EC0-301F-11D3-BF4B-00C04F79EFBC}") = "UserService", "UserService\UserService.csproj", "{2C1CD2E2-2102-44E7-8CBA-8B64673277AB}"
EndProject
Global
	GlobalSection(SolutionConfigurationPlatforms) = preSolution
		Debug|Any CPU = Debug|Any CPU
		Release|Any CPU = Release|Any CPU
	EndGlobalSection
	GlobalSection(ProjectConfigurationPlatforms) = postSolution
		{E137F986-6C7C-47F6-B140-49B0C0EA3D9D}.Debug|Any CPU.ActiveCfg = Debug|Any CPU
		{E137F986-6C7C-47F6-B140-49B0C0EA3D9D}.Debug|Any CPU.Build.0 = Debug|Any CPU
		{E137F986-6C7C-47F6-B140-49B0C0EA3D9D}.Release|Any CPU.ActiveCfg = Release|Any CPU
		{E137F986-6C7C-47F6-B140-49B0C0EA3D9D}.Release|Any CPU.Build.0 = Release|Any CPU
		{5C79CCC3-EE18-4CC9-882C-8EAAF2868BB8}.Debug|Any CPU.ActiveCfg = Debug|Any CPU
		{5C79CCC3-EE18-4CC9-882C-8EAAF2868BB8}.Debug|Any CPU.Build.0 = Debug|Any CPU
		{5C79CCC3-EE18-4CC9-882C-8EAAF2868BB8}.Release|Any CPU.ActiveCfg = Release|Any CPU
		{5C79CCC3-EE18-4CC9-882C-8EAAF2868BB8}.Release|Any CPU.Build.0 = Release|Any CPU
		{60BCBD43-863F-4D03-A00B-6DFB74E03549}.Debug|Any CPU.ActiveCfg = Debug|Any CPU
		{60BCBD43-863F-4D03-A00B-6DFB74E03549}.Debug|Any CPU.Build.0 = Debug|Any CPU
		{60BCBD43-863F-4D03-A00B-6DFB74E03549}.Release|Any CPU.ActiveCfg = Release|Any CPU
		{60BCBD43-863F-4D03-A00B-6DFB74E03549}.Release|Any CPU.Build.0 = Release|Any CPU
		{2C1CD2E2-2102-44E7-8CBA-8B64673277AB}.Debug|Any CPU.ActiveCfg = Debug|Any CPU
		{2C1CD2E2-2102-44E7-8CBA-8B64673277AB}.Debug|Any CPU.Build.0 = Debug|Any CPU
		{2C1CD2E2-2102-44E7-8CBA-8B64673277AB}.Release|Any CPU.ActiveCfg = Release|Any CPU
		{2C1CD2E2-2102-44E7-8CBA-8B64673277AB}.Release|Any CPU.Build.0 = Release|Any CPU
	EndGlobalSection
EndGlobal
